<Solution>
  <Folder Name="/solution/">
    <File Path=".env.example" />
    <File Path=".github/COPILOT_INSTRUCTIONS.md" />
    <File Path=".gitignore" />
    <File Path="DEPLOYMENT.md" />
    <File Path="docker-compose.yml" />
    <File Path="LICENSE" />
    <File Path="PROJECT_SUMMARY.md" />
    <File Path="QUICKSTART.md" />
    <File Path="README.md" />
    <File Path="TROUBLESHOOTING.md" />
  </Folder>
  <Folder Name="/workflow/">
    <File Path=".github/workflows/deploy.yml" />
  </Folder>
  <Project Path="OBSCameraPowerControl/OBSCameraPowerControl.csproj" Id="c0f1209e-629a-4a97-9ef5-b9d2c90e514a" />
</Solution>
